<?xml version="1.0" encoding="utf-8"?>
<Project ToolsVersion="4.0" xmlns="http://schemas.microsoft.com/developer/msbuild/2003">
  <ItemGroup>
    <Filter Include="Form Files">
      <UniqueIdentifier>{99349809-55BA-4b9d-BF79-8FDBB0286EB3}</UniqueIdentifier>
      <Extensions>ui</Extensions>
      <ParseFiles>false</ParseFiles>
    </Filter>
    <Filter Include="Form Files">
      <UniqueIdentifier>{99349809-55BA-4b9d-BF79-8FDBB0286EB3}</UniqueIdentifier>
      <Extensions>ui</Extensions>
      <ParseFiles>false</ParseFiles>
    </Filter>
    <Filter Include="Generated Files">
      <UniqueIdentifier>{71ED8ED8-ACB9-4CE9-BBE1-E00B30144E11}</UniqueIdentifier>
      <Extensions>cpp;c;cxx;moc;h;def;odl;idl;res;</Extensions>
    </Filter>
    <Filter Include="Generated Files">
      <UniqueIdentifier>{71ED8ED8-ACB9-4CE9-BBE1-E00B30144E11}</UniqueIdentifier>
      <Extensions>cpp;c;cxx;moc;h;def;odl;idl;res;</Extensions>
    </Filter>
    <Filter Include="Header Files">
      <UniqueIdentifier>{93995380-89BD-4b04-88EB-625FBE52EBFB}</UniqueIdentifier>
      <Extensions>h;hpp;hxx;hm;inl;inc;xsd</Extensions>
    </Filter>
    <Filter Include="Header Files">
      <UniqueIdentifier>{93995380-89BD-4b04-88EB-625FBE52EBFB}</UniqueIdentifier>
      <Extensions>h;hpp;hxx;hm;inl;inc;xsd</Extensions>
    </Filter>
    <Filter Include="Source Files">
      <UniqueIdentifier>{4FC737F1-C7A5-4376-A066-2A32D752A2FF}</UniqueIdentifier>
      <Extensions>cpp;c;cxx;def;odl;idl;hpj;bat;asm;asmx</Extensions>
    </Filter>
    <Filter Include="Source Files">
      <UniqueIdentifier>{4FC737F1-C7A5-4376-A066-2A32D752A2FF}</UniqueIdentifier>
      <Extensions>cpp;c;cxx;def;odl;idl;hpj;bat;asm;asmx</Extensions>
    </Filter>
    <Filter Include="Generated Files\Debug">
      <UniqueIdentifier>{81b048b9-fd10-414a-9deb-63bca787b48a}</UniqueIdentifier>
      <Extensions>cpp;moc</Extensions>
      <SourceControlFiles>False</SourceControlFiles>
    </Filter>
    <Filter Include="Generated Files\Release">
      <UniqueIdentifier>{92447496-2649-4062-a34f-f58b5757288f}</UniqueIdentifier>
      <Extensions>cpp;moc</Extensions>
      <SourceControlFiles>False</SourceControlFiles>
    </Filter>
    <Filter Include="Header Files\Model">
      <UniqueIdentifier>{4f24ee0f-1d9e-456b-a1a7-1fbe5bd1fbaf}</UniqueIdentifier>
    </Filter>
    <Filter Include="Header Files\Model\World">
      <UniqueIdentifier>{26f2e705-0e11-4749-bc3b-e27eba91eac1}</UniqueIdentifier>
    </Filter>
    <Filter Include="Header Files\Model\Graph">
      <UniqueIdentifier>{efc8b82e-de29-485d-a0d7-7f5c5d544b86}</UniqueIdentifier>
    </Filter>
    <Filter Include="Header Files\View">
      <UniqueIdentifier>{1b4be560-b44b-4cb6-ae1a-82f779bd0c06}</UniqueIdentifier>
    </Filter>
    <Filter Include="Source Files\Model">
      <UniqueIdentifier>{b9f6666b-c2ff-4315-9137-acd7842f0a14}</UniqueIdentifier>
    </Filter>
    <Filter Include="Source Files\View">
      <UniqueIdentifier>{1566c6a6-fe40-48b2-a70e-cfaf3b37482c}</UniqueIdentifier>
    </Filter>
    <Filter Include="Source Files\Model\World">
      <UniqueIdentifier>{a19349c5-880d-4b46-8dfa-105f17db5ab0}</UniqueIdentifier>
    </Filter>
    <Filter Include="Source Files\Model\Graph">
      <UniqueIdentifier>{7b555be6-485e-4cb2-bd45-1cf722bc5f18}</UniqueIdentifier>
    </Filter>
    <Filter Include="Ressource Files">
      <UniqueIdentifier>{d9fe79ba-cdf0-4898-a9f3-073a8e27f03a}</UniqueIdentifier>
    </Filter>
    <Filter Include="Source Files\Model\Behaviours">
      <UniqueIdentifier>{2ad9e6a6-5484-44aa-865c-cbfb13e28d80}</UniqueIdentifier>
    </Filter>
    <Filter Include="Header Files\Model\Behaviours">
      <UniqueIdentifier>{4d7e41b3-9230-4e2f-8de0-5cdffda44608}</UniqueIdentifier>
    </Filter>
  </ItemGroup>
  <ItemGroup>
    <ClCompile Include="main.cpp">
      <Filter>Source Files</Filter>
    </ClCompile>
    <ClCompile Include="Debug\moc_MainWindow.cpp">
      <Filter>Generated Files\Debug</Filter>
    </ClCompile>
    <ClCompile Include="Release\moc_MainWindow.cpp">
      <Filter>Generated Files\Release</Filter>
    </ClCompile>
    <ClCompile Include="Debug\moc_WorldView.cpp">
      <Filter>Generated Files\Debug</Filter>
    </ClCompile>
    <ClCompile Include="Release\moc_WorldView.cpp">
      <Filter>Generated Files\Release</Filter>
    </ClCompile>
    <ClCompile Include="WorldView.cpp">
      <Filter>Source Files\View</Filter>
    </ClCompile>
    <ClCompile Include="MainWindow.cpp">
      <Filter>Source Files\View</Filter>
    </ClCompile>
    <ClCompile Include="ActiveEntity.cpp">
      <Filter>Source Files\Model\World</Filter>
    </ClCompile>
    <ClCompile Include="Attribute.cpp">
      <Filter>Source Files\Model\World</Filter>
    </ClCompile>
    <ClCompile Include="Building.cpp">
      <Filter>Source Files\Model\World</Filter>
    </ClCompile>
    <ClCompile Include="Entity.cpp">
      <Filter>Source Files\Model\World</Filter>
    </ClCompile>
    <ClCompile Include="Group.cpp">
      <Filter>Source Files\Model\World</Filter>
    </ClCompile>
    <ClCompile Include="Location.cpp">
      <Filter>Source Files\Model\World</Filter>
    </ClCompile>
    <ClCompile Include="Memory.cpp">
      <Filter>Source Files\Model\World</Filter>
    </ClCompile>
    <ClCompile Include="PassiveEntity.cpp">
      <Filter>Source Files\Model\World</Filter>
    </ClCompile>
    <ClCompile Include="Ressource.cpp">
      <Filter>Source Files\Model\World</Filter>
    </ClCompile>
    <ClCompile Include="Unit.cpp">
      <Filter>Source Files\Model\World</Filter>
    </ClCompile>
    <ClCompile Include="World.cpp">
      <Filter>Source Files\Model\World</Filter>
    </ClCompile>
    <ClCompile Include="Edge.cpp">
      <Filter>Source Files\Model\Graph</Filter>
    </ClCompile>
    <ClCompile Include="Graph.cpp">
      <Filter>Source Files\Model\Graph</Filter>
    </ClCompile>
    <ClCompile Include="Node.cpp">
      <Filter>Source Files\Model\Graph</Filter>
    </ClCompile>
    <ClCompile Include="PerlinNoise.cpp">
      <Filter>Source Files\Model\Graph</Filter>
    </ClCompile>
    <ClCompile Include="Score.cpp">
      <Filter>Source Files\Model\Graph</Filter>
    </ClCompile>
    <ClCompile Include="PathFinder.cpp">
      <Filter>Source Files\Model\Graph</Filter>
    </ClCompile>
    <ClCompile Include="Agent.cpp">
      <Filter>Source Files\Model\World</Filter>
    </ClCompile>
    <ClCompile Include="Civilization.cpp">
      <Filter>Source Files\Model\World</Filter>
    </ClCompile>
    <ClCompile Include="WorldBehaviour.cpp">
      <Filter>Source Files\Model\Behaviours</Filter>
    </ClCompile>
    <ClCompile Include="Behaviour.cpp">
      <Filter>Source Files\Model\Behaviours</Filter>
    </ClCompile>
    <ClCompile Include="BuildingBehaviour.cpp">
      <Filter>Source Files\Model\Behaviours</Filter>
    </ClCompile>
    <ClCompile Include="UnitBehaviour.cpp">
      <Filter>Source Files\Model\Behaviours</Filter>
    </ClCompile>
    <ClCompile Include="CivilizationBehaviour.cpp">
      <Filter>Source Files\Model\Behaviours</Filter>
    </ClCompile>
  </ItemGroup>
  <ItemGroup>
    <ClInclude Include="GeneratedFiles\ui_MainWindow.h">
      <Filter>Generated Files</Filter>
    </ClInclude>
    <ClInclude Include="ActiveEntity.h">
      <Filter>Header Files\Model\World</Filter>
    </ClInclude>
    <ClInclude Include="Attribute.h">
      <Filter>Header Files\Model\World</Filter>
    </ClInclude>
    <ClInclude Include="Building.h">
      <Filter>Header Files\Model\World</Filter>
    </ClInclude>
    <ClInclude Include="Entity.h">
      <Filter>Header Files\Model\World</Filter>
    </ClInclude>
    <ClInclude Include="Group.h">
      <Filter>Header Files\Model\World</Filter>
    </ClInclude>
    <ClInclude Include="Location.h">
      <Filter>Header Files\Model\World</Filter>
    </ClInclude>
    <ClInclude Include="Memory.h">
      <Filter>Header Files\Model\World</Filter>
    </ClInclude>
    <ClInclude Include="PassiveEntity.h">
      <Filter>Header Files\Model\World</Filter>
    </ClInclude>
    <ClInclude Include="Ressource.h">
      <Filter>Header Files\Model\World</Filter>
    </ClInclude>
    <ClInclude Include="Unit.h">
      <Filter>Header Files\Model\World</Filter>
    </ClInclude>
    <ClInclude Include="World.h">
      <Filter>Header Files\Model\World</Filter>
    </ClInclude>
    <CustomBuild Include="MainWindow.h">
      <Filter>Header Files\View</Filter>
    </CustomBuild>
    <ClInclude Include="Score.h">
      <Filter>Header Files\Model\Graph</Filter>
    </ClInclude>
    <ClInclude Include="PathFinder.h">
      <Filter>Header Files\Model\Graph</Filter>
    </ClInclude>
    <ClInclude Include="Agent.h">
      <Filter>Header Files\Model\World</Filter>
    </ClInclude>
    <ClInclude Include="Civilization.h">
      <Filter>Header Files\Model\World</Filter>
    </ClInclude>
    <ClInclude Include="BuildingBehaviour.h">
      <Filter>Header Files\Model\Behaviours</Filter>
    </ClInclude>
    <ClInclude Include="WorldBehaviour.h">
      <Filter>Header Files\Model\Behaviours</Filter>
    </ClInclude>
    <ClInclude Include="Behaviour.h">
      <Filter>Header Files\Model\Behaviours</Filter>
    </ClInclude>
    <ClInclude Include="UnitBehaviour.h">
      <Filter>Header Files\Model\Behaviours</Filter>
    </ClInclude>
    <ClInclude Include="CivilizationBehaviour.h">
      <Filter>Header Files\Model\Behaviours</Filter>
    </ClInclude>
  </ItemGroup>
  <ItemGroup>
    <CustomBuild Include="MainWindow.ui">
      <Filter>Form Files</Filter>
    </CustomBuild>
    <CustomBuild Include="WorldView.h">
      <Filter>Header Files\View</Filter>
    </CustomBuild>
  </ItemGroup>
  <ItemGroup>
    <ClInclude Include="Graph.h">
      <Filter>Header Files\Model\Graph</Filter>
    </ClInclude>
    <ClInclude Include="Node.h">
      <Filter>Header Files\Model\Graph</Filter>
    </ClInclude>
    <ClInclude Include="Edge.h">
      <Filter>Header Files\Model\Graph</Filter>
    </ClInclude>
    <ClInclude Include="PerlinNoise.h">
      <Filter>Header Files\Model\Graph</Filter>
    </ClInclude>
  </ItemGroup>
  <ItemGroup>
    <Image Include="texture\food0.png">
      <Filter>Ressource Files</Filter>
    </Image>
    <Image Include="texture\gold0.png">
      <Filter>Ressource Files</Filter>
    </Image>
    <Image Include="texture\grass0.png">
      <Filter>Ressource Files</Filter>
    </Image>
    <Image Include="texture\tree0.png">
      <Filter>Ressource Files</Filter>
    </Image>
  </ItemGroup>
</Project>