<?xml version="1.0" encoding="utf-8"?>
<Project ToolsVersion="4.0" xmlns="http://schemas.microsoft.com/developer/msbuild/2003">
  <ItemGroup>
    <Filter Include="Form Files">
      <UniqueIdentifier>{99349809-55BA-4b9d-BF79-8FDBB0286EB3}</UniqueIdentifier>
      <Extensions>ui</Extensions>
      <ParseFiles>false</ParseFiles>
    </Filter>
    <Filter Include="Form Files">
      <UniqueIdentifier>{99349809-55BA-4b9d-BF79-8FDBB0286EB3}</UniqueIdentifier>
      <Extensions>ui</Extensions>
      <ParseFiles>false</ParseFiles>
    </Filter>
    <Filter Include="Generated Files">
      <UniqueIdentifier>{71ED8ED8-ACB9-4CE9-BBE1-E00B30144E11}</UniqueIdentifier>
      <Extensions>cpp;c;cxx;moc;h;def;odl;idl;res;</Extensions>
    </Filter>
    <Filter Include="Generated Files">
      <UniqueIdentifier>{71ED8ED8-ACB9-4CE9-BBE1-E00B30144E11}</UniqueIdentifier>
      <Extensions>cpp;c;cxx;moc;h;def;odl;idl;res;</Extensions>
    </Filter>
    <Filter Include="Header Files">
      <UniqueIdentifier>{93995380-89BD-4b04-88EB-625FBE52EBFB}</UniqueIdentifier>
      <Extensions>h;hpp;hxx;hm;inl;inc;xsd</Extensions>
    </Filter>
    <Filter Include="Header Files">
      <UniqueIdentifier>{93995380-89BD-4b04-88EB-625FBE52EBFB}</UniqueIdentifier>
      <Extensions>h;hpp;hxx;hm;inl;inc;xsd</Extensions>
    </Filter>
    <Filter Include="Source Files">
      <UniqueIdentifier>{4FC737F1-C7A5-4376-A066-2A32D752A2FF}</UniqueIdentifier>
      <Extensions>cpp;c;cxx;def;odl;idl;hpj;bat;asm;asmx</Extensions>
    </Filter>
    <Filter Include="Source Files">
      <UniqueIdentifier>{4FC737F1-C7A5-4376-A066-2A32D752A2FF}</UniqueIdentifier>
      <Extensions>cpp;c;cxx;def;odl;idl;hpj;bat;asm;asmx</Extensions>
    </Filter>
    <Filter Include="Generated Files\Debug">
      <UniqueIdentifier>{f0cd24fd-c875-4eb1-a112-473a7b724993}</UniqueIdentifier>
      <Extensions>cpp;moc</Extensions>
      <SourceControlFiles>False</SourceControlFiles>
    </Filter>
    <Filter Include="Generated Files\Release">
      <UniqueIdentifier>{7105d506-14dc-4cce-931c-65d87f8cf94a}</UniqueIdentifier>
      <Extensions>cpp;moc</Extensions>
      <SourceControlFiles>False</SourceControlFiles>
    </Filter>
    <Filter Include="Header Files\Model">
      <UniqueIdentifier>{79f3a5d5-f4f2-41be-8578-8e1eae4e86c7}</UniqueIdentifier>
    </Filter>
    <Filter Include="Header Files\View">
      <UniqueIdentifier>{98e2cba9-a988-4f89-aaac-4b7dd8b1717d}</UniqueIdentifier>
    </Filter>
    <Filter Include="Header Files\Model\Graph">
      <UniqueIdentifier>{b4fdcd2a-1019-4a95-98aa-e6d28ba98e79}</UniqueIdentifier>
    </Filter>
    <Filter Include="Header Files\Model\World">
      <UniqueIdentifier>{38e30670-5182-4a9a-be47-2e07e9602323}</UniqueIdentifier>
    </Filter>
    <Filter Include="Header Files\Model\Behaviours">
      <UniqueIdentifier>{c2f19d6d-da91-42cb-aab5-b85e38588b2d}</UniqueIdentifier>
    </Filter>
    <Filter Include="Header Files\Model\Generators">
      <UniqueIdentifier>{ecad2ebd-fafa-48fd-a6df-fbff54ac5c80}</UniqueIdentifier>
    </Filter>
    <Filter Include="Source Files\Model">
      <UniqueIdentifier>{a194c014-7c0a-4f79-9a9d-c0fa64d5654d}</UniqueIdentifier>
    </Filter>
    <Filter Include="Source Files\View">
      <UniqueIdentifier>{72dc64f0-67c1-418d-a2c7-9995b5e0751f}</UniqueIdentifier>
    </Filter>
    <Filter Include="Source Files\Model\Graph">
      <UniqueIdentifier>{6801d660-1846-40a8-bd48-199636922750}</UniqueIdentifier>
    </Filter>
    <Filter Include="Source Files\Model\Behaviours">
      <UniqueIdentifier>{ab974854-b185-4b71-ba4f-d9d88266f0f6}</UniqueIdentifier>
    </Filter>
    <Filter Include="Source Files\Model\Generators">
      <UniqueIdentifier>{29db15eb-ab70-4c25-bedd-72a6a34a96a2}</UniqueIdentifier>
    </Filter>
    <Filter Include="Source Files\Model\World">
      <UniqueIdentifier>{9bbe462d-3a27-4f76-8e1c-409faa684fc6}</UniqueIdentifier>
    </Filter>
  </ItemGroup>
  <ItemGroup>
    <ClCompile Include="main.cpp">
      <Filter>Source Files</Filter>
    </ClCompile>
    <ClCompile Include="Debug\moc_MainWindow.cpp">
      <Filter>Generated Files\Debug</Filter>
    </ClCompile>
    <ClCompile Include="Release\moc_MainWindow.cpp">
      <Filter>Generated Files\Release</Filter>
    </ClCompile>
    <ClCompile Include="Debug\moc_UnitGraphicItem.cpp">
      <Filter>Generated Files\Debug</Filter>
    </ClCompile>
    <ClCompile Include="Release\moc_UnitGraphicItem.cpp">
      <Filter>Generated Files\Release</Filter>
    </ClCompile>
    <ClCompile Include="Debug\moc_WorldView.cpp">
      <Filter>Generated Files\Debug</Filter>
    </ClCompile>
    <ClCompile Include="Release\moc_WorldView.cpp">
      <Filter>Generated Files\Release</Filter>
    </ClCompile>
    <ClCompile Include="ActiveEntity.cpp">
      <Filter>Source Files\Model\World</Filter>
    </ClCompile>
    <ClCompile Include="Agent.cpp">
      <Filter>Source Files\Model\World</Filter>
    </ClCompile>
    <ClCompile Include="Behaviour.cpp">
      <Filter>Source Files\Model\Behaviours</Filter>
    </ClCompile>
    <ClCompile Include="BuilderBehaviour.cpp">
      <Filter>Source Files\Model\Behaviours</Filter>
    </ClCompile>
    <ClCompile Include="Building.cpp">
      <Filter>Source Files\Model\World</Filter>
    </ClCompile>
    <ClCompile Include="BuildingBehaviour.cpp">
      <Filter>Source Files\Model\Behaviours</Filter>
    </ClCompile>
    <ClCompile Include="Civilization.cpp">
      <Filter>Source Files\Model\World</Filter>
    </ClCompile>
    <ClCompile Include="CivilizationBehaviour.cpp">
      <Filter>Source Files\Model\Behaviours</Filter>
    </ClCompile>
    <ClCompile Include="Edge.cpp">
      <Filter>Source Files\Model\Graph</Filter>
    </ClCompile>
    <ClCompile Include="Entity.cpp">
      <Filter>Source Files\Model\World</Filter>
    </ClCompile>
    <ClCompile Include="GathererBehaviour.cpp">
      <Filter>Source Files\Model\Behaviours</Filter>
    </ClCompile>
    <ClCompile Include="Graph.cpp">
      <Filter>Source Files\Model\Graph</Filter>
    </ClCompile>
    <ClCompile Include="Location.cpp">
      <Filter>Source Files\Model\World</Filter>
    </ClCompile>
    <ClCompile Include="MainWindow.cpp">
      <Filter>Source Files\View</Filter>
    </ClCompile>
    <ClCompile Include="Memory.cpp">
      <Filter>Source Files\Model\World</Filter>
    </ClCompile>
    <ClCompile Include="MersenneTwister.cpp">
      <Filter>Source Files\Model\Generators</Filter>
    </ClCompile>
    <ClCompile Include="Node.cpp">
      <Filter>Source Files\Model\Graph</Filter>
    </ClCompile>
    <ClCompile Include="NopBehaviour.cpp">
      <Filter>Source Files\Model\Behaviours</Filter>
    </ClCompile>
    <ClCompile Include="NormalDistributionGenerator.cpp">
      <Filter>Source Files\Model\Generators</Filter>
    </ClCompile>
    <ClCompile Include="PassiveEntity.cpp">
      <Filter>Source Files\Model\World</Filter>
    </ClCompile>
    <ClCompile Include="PathFinder.cpp">
      <Filter>Source Files\Model\Graph</Filter>
    </ClCompile>
    <ClCompile Include="PerlinNoise.cpp">
      <Filter>Source Files\Model\Generators</Filter>
    </ClCompile>
    <ClCompile Include="Ressource.cpp">
      <Filter>Source Files\Model\World</Filter>
    </ClCompile>
    <ClCompile Include="Score.cpp">
      <Filter>Source Files\Model\Graph</Filter>
    </ClCompile>
    <ClCompile Include="ScorePool.cpp">
      <Filter>Source Files\Model\Graph</Filter>
    </ClCompile>
    <ClCompile Include="Unit.cpp">
      <Filter>Source Files\Model\World</Filter>
    </ClCompile>
    <ClCompile Include="UnitBehaviour.cpp">
      <Filter>Source Files\Model\Behaviours</Filter>
    </ClCompile>
    <ClCompile Include="UnitGraphicItem.cpp">
      <Filter>Source Files\View</Filter>
    </ClCompile>
    <ClCompile Include="World.cpp">
      <Filter>Source Files\Model\World</Filter>
    </ClCompile>
    <ClCompile Include="WorldBehaviour.cpp">
      <Filter>Source Files\Model\Behaviours</Filter>
    </ClCompile>
    <ClCompile Include="WorldView.cpp">
      <Filter>Source Files\View</Filter>
    </ClCompile>
  </ItemGroup>
  <ItemGroup>
    <ClInclude Include="GeneratedFiles\ui_MainWindow.h">
      <Filter>Generated Files</Filter>
    </ClInclude>
    <ClInclude Include="ActiveEntity.h">
      <Filter>Header Files\Model\World</Filter>
    </ClInclude>
    <ClInclude Include="Agent.h">
      <Filter>Header Files\Model\World</Filter>
    </ClInclude>
    <ClInclude Include="Behaviour.h">
      <Filter>Header Files\Model\Behaviours</Filter>
    </ClInclude>
    <ClInclude Include="BuilderBehaviour.h">
      <Filter>Header Files\Model\Behaviours</Filter>
    </ClInclude>
    <ClInclude Include="Building.h">
      <Filter>Header Files\Model\World</Filter>
    </ClInclude>
    <ClInclude Include="BuildingBehaviour.h">
      <Filter>Header Files\Model\Behaviours</Filter>
    </ClInclude>
    <ClInclude Include="Civilization.h">
      <Filter>Header Files\Model\World</Filter>
    </ClInclude>
    <ClInclude Include="CivilizationBehaviour.h">
      <Filter>Header Files\Model\Behaviours</Filter>
    </ClInclude>
    <ClInclude Include="Edge.h">
      <Filter>Header Files\Model\Graph</Filter>
    </ClInclude>
    <ClInclude Include="Entity.h">
      <Filter>Header Files\Model\World</Filter>
    </ClInclude>
    <ClInclude Include="GathererBehaviour.h">
      <Filter>Header Files\Model\Behaviours</Filter>
    </ClInclude>
    <ClInclude Include="Graph.h">
      <Filter>Header Files\Model\Graph</Filter>
    </ClInclude>
    <ClInclude Include="Memory.h">
      <Filter>Header Files\Model\World</Filter>
    </ClInclude>
    <ClInclude Include="MersenneTwister.h">
      <Filter>Header Files\Model\Generators</Filter>
    </ClInclude>
    <ClInclude Include="Node.h">
      <Filter>Header Files\Model\Graph</Filter>
    </ClInclude>
    <ClInclude Include="NopBehaviour.h">
      <Filter>Header Files\Model\Behaviours</Filter>
    </ClInclude>
    <ClInclude Include="NormalDistributionGenerator.h">
      <Filter>Header Files\Model\Generators</Filter>
    </ClInclude>
    <ClInclude Include="PassiveEntity.h">
      <Filter>Header Files\Model\World</Filter>
    </ClInclude>
    <ClInclude Include="PathFinder.h">
      <Filter>Header Files\Model\Graph</Filter>
    </ClInclude>
    <ClInclude Include="PerlinNoise.h">
      <Filter>Header Files\Model\Generators</Filter>
    </ClInclude>
    <ClInclude Include="Ressource.h">
      <Filter>Header Files\Model\World</Filter>
    </ClInclude>
    <ClInclude Include="Score.h">
      <Filter>Header Files\Model\Graph</Filter>
    </ClInclude>
    <ClInclude Include="ScorePool.h">
      <Filter>Header Files\Model\Graph</Filter>
    </ClInclude>
    <ClInclude Include="Unit.h">
      <Filter>Header Files\Model\World</Filter>
    </ClInclude>
    <ClInclude Include="World.h">
      <Filter>Header Files\Model\World</Filter>
    </ClInclude>
  </ItemGroup>
  <ItemGroup>
    <CustomBuild Include="MainWindow.ui">
      <Filter>Form Files</Filter>
    </CustomBuild>
    <CustomBuild Include="MainWindow.h">
      <Filter>Header Files\View</Filter>
    </CustomBuild>
    <CustomBuild Include="UnitGraphicItem.h">
      <Filter>Header Files\View</Filter>
    </CustomBuild>
    <CustomBuild Include="WorldView.h">
      <Filter>Header Files\View</Filter>
    </CustomBuild>
  </ItemGroup>
  <ItemGroup>
    <ClInclude Include="Location.h">
      <Filter>Header Files\Model\World</Filter>
    </ClInclude>
    <ClInclude Include="UnitBehaviour.h">
      <Filter>Header Files\Model\Behaviours</Filter>
    </ClInclude>
    <ClInclude Include="WorldBehaviour.h">
      <Filter>Header Files\Model\Behaviours</Filter>
    </ClInclude>
  </ItemGroup>
</Project>